
Microsoft Visual Studio Solution File, Format Version 12.00
# Visual Studio Version 16
VisualStudioVersion = 16.0.31005.135
MinimumVisualStudioVersion = 10.0.40219.1
Project("{FAE04EC0-301F-11D3-BF4B-00C04F79EFBC}") = "MyHouseholdCats", "MyHouseholdCats\MyHouseholdCats.csproj", "{FAB8C851-561D-4903-828F-AE5C17AA8AB8}"
EndProject
Global
	GlobalSection(SolutionConfigurationPlatforms) = preSolution
		Debug|Any CPU = Debug|Any CPU
		Release|Any CPU = Release|Any CPU
	EndGlobalSection
	GlobalSection(ProjectConfigurationPlatforms) = postSolution
		{FAB8C851-561D-4903-828F-AE5C17AA8AB8}.Debug|Any CPU.ActiveCfg = Debug|Any CPU
		{FAB8C851-561D-4903-828F-AE5C17AA8AB8}.Debug|Any CPU.Build.0 = Debug|Any CPU
		{FAB8C851-561D-4903-828F-AE5C17AA8AB8}.Release|Any CPU.ActiveCfg = Release|Any CPU
		{FAB8C851-561D-4903-828F-AE5C17AA8AB8}.Release|Any CPU.Build.0 = Release|Any CPU
	EndGlobalSection
	GlobalSection(SolutionProperties) = preSolution
		HideSolutionNode = FALSE
	EndGlobalSection
	GlobalSection(ExtensibilityGlobals) = postSolution
		SolutionGuid = {96E80B87-7083-42DF-BF16-3819D956FB37}
	EndGlobalSection
EndGlobal
